{
  "requires": true,
  "lockfileVersion": 1,
  "dependencies": {
    "vuepress-plugin-baidu-tongji": {
      "version": "1.0.1",
      "resolved": "https://registry.npmjs.org/vuepress-plugin-baidu-tongji/-/vuepress-plugin-baidu-tongji-1.0.1.tgz",
      "integrity": "sha512-AqEWeW2Kv9Fpi8CrbGmrUPEVcrjL/aNxjj2U6DVqeMx/2OD1NCM3fFnhOlCtsyzIDtPs0itKzNA4yPbSA5MDIg==",
      "dev": true
    }
  }
}
